PODS:
  - Modernistik (0.4.0):
    - Modernistik/Core (= 0.4.0)
  - Modernistik/Core (0.4.0)

DEPENDENCIES:
  - Modernistik (from `../../`)

EXTERNAL SOURCES:
  Modernistik:
    :path: ../../

SPEC CHECKSUMS:
  Modernistik: b68ba0e9d8e9e6b3c6063201b27510ed2b2f1df0

PODFILE CHECKSUM: 81cc33b4c1b260f62771e81dde452e4d61795adc

COCOAPODS: 1.3.1
