PODS:
  - Bolts/Tasks (1.9.0)
  - Modernistik/Core (0.4.0)
  - Modernistik/Hyperdrive (0.4.0):
    - Modernistik/Core
    - Parse
    - TimeZoneLocate
  - Parse (1.15.4):
    - Bolts/Tasks (~> 1.9)
  - TimeZoneLocate (0.4.0)

DEPENDENCIES:
  - Modernistik/Hyperdrive (from `../../`)

EXTERNAL SOURCES:
  Modernistik:
    :path: ../../

SPEC CHECKSUMS:
  Bolts: ac6567323eac61e203f6a9763667d0f711be34c8
  Modernistik: aecb09e5154d894c8588a069989938d73b3a305e
  Parse: 1968c634e1c782fb31aad6872f6d32de911bb122
  TimeZoneLocate: 0d4330e627343906ad699139467e2bcdf5a52262

PODFILE CHECKSUM: bf521c1c65c47e1855b1ea1a7cc0dcbc9bb96a7c

COCOAPODS: 1.3.1
