PODS:
  - Bolts/Tasks (1.9.0)
  - Modernistik/Core (0.4.1)
  - Modernistik/Hyperdrive (0.4.1):
    - Modernistik/Core
    - Parse (>= 1.17.0)
    - TimeZoneLocate (>= 0.4.0)
  - Parse (1.17.1):
    - Parse/Core (= 1.17.1)
  - Parse/Core (1.17.1):
    - Bolts/Tasks (~> 1.9)
  - TimeZoneLocate (0.4.0)

DEPENDENCIES:
  - Modernistik/Hyperdrive (from `../../`)

SPEC REPOS:
  https://github.com/cocoapods/specs.git:
    - Bolts
    - Parse
    - TimeZoneLocate

EXTERNAL SOURCES:
  Modernistik:
    :path: "../../"

SPEC CHECKSUMS:
  Bolts: ac6567323eac61e203f6a9763667d0f711be34c8
  Modernistik: 3dc9fa89530fafb336fff9e68a6f15a22a66c93e
  Parse: d3edaf8c7c722cb33cb83ba7821d015ae32d362d
  TimeZoneLocate: 0d4330e627343906ad699139467e2bcdf5a52262

PODFILE CHECKSUM: 7e3b38519dfeaa4ff974e42a69ded484ff1175c3

COCOAPODS: 1.5.2
